
Microsoft Visual Studio Solution File, Format Version 12.00
# Visual Studio Version 16
VisualStudioVersion = 16.0.30804.86
MinimumVisualStudioVersion = 10.0.40219.1
Project("{FAE04EC0-301F-11D3-BF4B-00C04F79EFBC}") = "madman_discord", "madman_discord.csproj", "{EB438359-CA77-4A50-8F36-91B11772A0A5}"
EndProject
Global
	GlobalSection(SolutionConfigurationPlatforms) = preSolution
		Debug|Any CPU = Debug|Any CPU
		Release|Any CPU = Release|Any CPU
	EndGlobalSection
	GlobalSection(ProjectConfigurationPlatforms) = postSolution
		{EB438359-CA77-4A50-8F36-91B11772A0A5}.Debug|Any CPU.ActiveCfg = Debug|Any CPU
		{EB438359-CA77-4A50-8F36-91B11772A0A5}.Debug|Any CPU.Build.0 = Debug|Any CPU
		{EB438359-CA77-4A50-8F36-91B11772A0A5}.Release|Any CPU.ActiveCfg = Release|Any CPU
		{EB438359-CA77-4A50-8F36-91B11772A0A5}.Release|Any CPU.Build.0 = Release|Any CPU
	EndGlobalSection
	GlobalSection(SolutionProperties) = preSolution
		HideSolutionNode = FALSE
	EndGlobalSection
	GlobalSection(ExtensibilityGlobals) = postSolution
		SolutionGuid = {014E04FA-58AC-4F0E-80C9-7C171C44C746}
	EndGlobalSection
EndGlobal
